
Microsoft Visual Studio Solution File, Format Version 12.00
# Visual Studio Version 17
VisualStudioVersion = 17.8.34322.80
MinimumVisualStudioVersion = 10.0.40219.1
Project("{FAE04EC0-301F-11D3-BF4B-00C04F79EFBC}") = "MetroFibre", "MetroFibre\MetroFibre.csproj", "{C869F998-6B25-4F6E-A329-F9C676C6BF7C}"
EndProject
Project("{2150E333-8FDC-42A3-9474-1A3956D46DE8}") = "1. Core", "1. Core", "{63B6C497-3A27-42B3-BA87-FBA7EEF1F410}"
EndProject
Project("{2150E333-8FDC-42A3-9474-1A3956D46DE8}") = "2. Data", "2. Data", "{18CE5850-6DBB-4D51-812F-059D0FE67CA3}"
EndProject
Project("{2150E333-8FDC-42A3-9474-1A3956D46DE8}") = "3. Infrastructure", "3. Infrastructure", "{805F5628-FD98-478F-8C7B-0A0382C9E62D}"
EndProject
Project("{FAE04EC0-301F-11D3-BF4B-00C04F79EFBC}") = "MetroFibre.Core", "MetroFibre.Core\MetroFibre.Core.csproj", "{9CE0B52D-6E0F-4C2A-9FEC-65760314BB03}"
EndProject
Project("{FAE04EC0-301F-11D3-BF4B-00C04F79EFBC}") = "MetroFibre.Data", "MetroFibre.Data\MetroFibre.Data.csproj", "{CE8E693C-D188-4E35-98F9-B7CEBE3E7CD2}"
EndProject
Project("{2150E333-8FDC-42A3-9474-1A3956D46DE8}") = "4. Presentation", "4. Presentation", "{7B70023E-E320-4995-8D5A-47D888236D4B}"
EndProject
Project("{FAE04EC0-301F-11D3-BF4B-00C04F79EFBC}") = "MetroFibre.Service", "MetroFibre.Service\MetroFibre.Service.csproj", "{3AC0666F-B86C-40E6-8A7D-62054EFD9094}"
EndProject
Project("{FAE04EC0-301F-11D3-BF4B-00C04F79EFBC}") = "MetroFibre.DependencyInjection", "MetroFibre.DependencyInjection\MetroFibre.DependencyInjection.csproj", "{F58C828F-1FFA-4E2E-88D6-58C7B656F85D}"
EndProject
Global
	GlobalSection(SolutionConfigurationPlatforms) = preSolution
		Debug|Any CPU = Debug|Any CPU
		Release|Any CPU = Release|Any CPU
	EndGlobalSection
	GlobalSection(ProjectConfigurationPlatforms) = postSolution
		{C869F998-6B25-4F6E-A329-F9C676C6BF7C}.Debug|Any CPU.ActiveCfg = Debug|Any CPU
		{C869F998-6B25-4F6E-A329-F9C676C6BF7C}.Debug|Any CPU.Build.0 = Debug|Any CPU
		{C869F998-6B25-4F6E-A329-F9C676C6BF7C}.Release|Any CPU.ActiveCfg = Release|Any CPU
		{C869F998-6B25-4F6E-A329-F9C676C6BF7C}.Release|Any CPU.Build.0 = Release|Any CPU
		{9CE0B52D-6E0F-4C2A-9FEC-65760314BB03}.Debug|Any CPU.ActiveCfg = Debug|Any CPU
		{9CE0B52D-6E0F-4C2A-9FEC-65760314BB03}.Debug|Any CPU.Build.0 = Debug|Any CPU
		{9CE0B52D-6E0F-4C2A-9FEC-65760314BB03}.Release|Any CPU.ActiveCfg = Release|Any CPU
		{9CE0B52D-6E0F-4C2A-9FEC-65760314BB03}.Release|Any CPU.Build.0 = Release|Any CPU
		{CE8E693C-D188-4E35-98F9-B7CEBE3E7CD2}.Debug|Any CPU.ActiveCfg = Debug|Any CPU
		{CE8E693C-D188-4E35-98F9-B7CEBE3E7CD2}.Debug|Any CPU.Build.0 = Debug|Any CPU
		{CE8E693C-D188-4E35-98F9-B7CEBE3E7CD2}.Release|Any CPU.ActiveCfg = Release|Any CPU
		{CE8E693C-D188-4E35-98F9-B7CEBE3E7CD2}.Release|Any CPU.Build.0 = Release|Any CPU
		{3AC0666F-B86C-40E6-8A7D-62054EFD9094}.Debug|Any CPU.ActiveCfg = Debug|Any CPU
		{3AC0666F-B86C-40E6-8A7D-62054EFD9094}.Debug|Any CPU.Build.0 = Debug|Any CPU
		{3AC0666F-B86C-40E6-8A7D-62054EFD9094}.Release|Any CPU.ActiveCfg = Release|Any CPU
		{3AC0666F-B86C-40E6-8A7D-62054EFD9094}.Release|Any CPU.Build.0 = Release|Any CPU
		{F58C828F-1FFA-4E2E-88D6-58C7B656F85D}.Debug|Any CPU.ActiveCfg = Debug|Any CPU
		{F58C828F-1FFA-4E2E-88D6-58C7B656F85D}.Debug|Any CPU.Build.0 = Debug|Any CPU
		{F58C828F-1FFA-4E2E-88D6-58C7B656F85D}.Release|Any CPU.ActiveCfg = Release|Any CPU
		{F58C828F-1FFA-4E2E-88D6-58C7B656F85D}.Release|Any CPU.Build.0 = Release|Any CPU
	EndGlobalSection
	GlobalSection(SolutionProperties) = preSolution
		HideSolutionNode = FALSE
	EndGlobalSection
	GlobalSection(NestedProjects) = preSolution
		{C869F998-6B25-4F6E-A329-F9C676C6BF7C} = {7B70023E-E320-4995-8D5A-47D888236D4B}
		{9CE0B52D-6E0F-4C2A-9FEC-65760314BB03} = {63B6C497-3A27-42B3-BA87-FBA7EEF1F410}
		{CE8E693C-D188-4E35-98F9-B7CEBE3E7CD2} = {18CE5850-6DBB-4D51-812F-059D0FE67CA3}
		{3AC0666F-B86C-40E6-8A7D-62054EFD9094} = {805F5628-FD98-478F-8C7B-0A0382C9E62D}
		{F58C828F-1FFA-4E2E-88D6-58C7B656F85D} = {805F5628-FD98-478F-8C7B-0A0382C9E62D}
	EndGlobalSection
	GlobalSection(ExtensibilityGlobals) = postSolution
		SolutionGuid = {140C5D7C-39F2-495C-AAF1-DAAB28968B56}
	EndGlobalSection
EndGlobal
